
Microsoft Visual Studio Solution File, Format Version 12.00
# Visual Studio Version 17
VisualStudioVersion = 17.1.32210.238
MinimumVisualStudioVersion = 10.0.40219.1
Project("{FAE04EC0-301F-11D3-BF4B-00C04F79EFBC}") = "praktikum w7", "praktikum w7\praktikum w7.csproj", "{A5253519-B7DC-4C5A-94BE-F11DE957A6DA}"
EndProject
Global
	GlobalSection(SolutionConfigurationPlatforms) = preSolution
		Debug|Any CPU = Debug|Any CPU
		Release|Any CPU = Release|Any CPU
	EndGlobalSection
	GlobalSection(ProjectConfigurationPlatforms) = postSolution
		{A5253519-B7DC-4C5A-94BE-F11DE957A6DA}.Debug|Any CPU.ActiveCfg = Debug|Any CPU
		{A5253519-B7DC-4C5A-94BE-F11DE957A6DA}.Debug|Any CPU.Build.0 = Debug|Any CPU
		{A5253519-B7DC-4C5A-94BE-F11DE957A6DA}.Release|Any CPU.ActiveCfg = Release|Any CPU
		{A5253519-B7DC-4C5A-94BE-F11DE957A6DA}.Release|Any CPU.Build.0 = Release|Any CPU
	EndGlobalSection
	GlobalSection(SolutionProperties) = preSolution
		HideSolutionNode = FALSE
	EndGlobalSection
	GlobalSection(ExtensibilityGlobals) = postSolution
		SolutionGuid = {29996C52-EDFB-4E90-AB8C-1D2D4AD90A98}
	EndGlobalSection
EndGlobal
